
Microsoft Visual Studio Solution File, Format Version 12.00
# Visual Studio Version 17
VisualStudioVersion = 17.12.35527.113 d17.12
MinimumVisualStudioVersion = 10.0.40219.1
Project("{FAE04EC0-301F-11D3-BF4B-00C04F79EFBC}") = "AcunMedyaSportsProject.WebApi", "AcunMedyaSportsProject.WebApi\AcunMedyaSportsProject.WebApi.csproj", "{BE2311B3-073C-45F1-84A2-6887E85C0117}"
EndProject
Project("{FAE04EC0-301F-11D3-BF4B-00C04F79EFBC}") = "AcunMedyaSportsProject.WebUI", "AcunMedyaSportsProject.WebUI\AcunMedyaSportsProject.WebUI.csproj", "{5B7E1B21-E5FC-45C4-8CF1-FB62A445B7CA}"
EndProject
Global
	GlobalSection(SolutionConfigurationPlatforms) = preSolution
		Debug|Any CPU = Debug|Any CPU
		Release|Any CPU = Release|Any CPU
	EndGlobalSection
	GlobalSection(ProjectConfigurationPlatforms) = postSolution
		{BE2311B3-073C-45F1-84A2-6887E85C0117}.Debug|Any CPU.ActiveCfg = Debug|Any CPU
		{BE2311B3-073C-45F1-84A2-6887E85C0117}.Debug|Any CPU.Build.0 = Debug|Any CPU
		{BE2311B3-073C-45F1-84A2-6887E85C0117}.Release|Any CPU.ActiveCfg = Release|Any CPU
		{BE2311B3-073C-45F1-84A2-6887E85C0117}.Release|Any CPU.Build.0 = Release|Any CPU
		{5B7E1B21-E5FC-45C4-8CF1-FB62A445B7CA}.Debug|Any CPU.ActiveCfg = Debug|Any CPU
		{5B7E1B21-E5FC-45C4-8CF1-FB62A445B7CA}.Debug|Any CPU.Build.0 = Debug|Any CPU
		{5B7E1B21-E5FC-45C4-8CF1-FB62A445B7CA}.Release|Any CPU.ActiveCfg = Release|Any CPU
		{5B7E1B21-E5FC-45C4-8CF1-FB62A445B7CA}.Release|Any CPU.Build.0 = Release|Any CPU
	EndGlobalSection
	GlobalSection(SolutionProperties) = preSolution
		HideSolutionNode = FALSE
	EndGlobalSection
EndGlobal
